
Microsoft Visual Studio Solution File, Format Version 12.00
# Visual Studio Version 17
VisualStudioVersion = 17.0.31903.59
MinimumVisualStudioVersion = 10.0.40219.1
Project("{2150E333-8FDC-42A3-9474-1A3956D46DE8}") = "src", "src", "{827E0CD3-B72D-47B6-A68D-7590B98EB39B}"
EndProject
Project("{FAE04EC0-301F-11D3-BF4B-00C04F79EFBC}") = "MudShadcn", "src\MudShadcn\MudShadcn.csproj", "{31EC4CC1-33A8-4EB5-BCFA-ED103A30DABD}"
EndProject
Project("{2150E333-8FDC-42A3-9474-1A3956D46DE8}") = "samples", "samples", "{5D20AA90-6969-D8BD-9DCD-8634F4692FDA}"
EndProject
Project("{FAE04EC0-301F-11D3-BF4B-00C04F79EFBC}") = "MudShadcn.TestApp", "samples\MudShadcn.TestApp\MudShadcn.TestApp.csproj", "{8A8F478D-D32D-4C00-A1A4-A356066BF229}"
EndProject
Project("{FAE04EC0-301F-11D3-BF4B-00C04F79EFBC}") = "MudShadcn.Showcase", "samples\MudShadcn.Showcase\MudShadcn.Showcase.csproj", "{054246FA-4F33-4FB8-9B97-46052DF16917}"
EndProject
Global
	GlobalSection(SolutionConfigurationPlatforms) = preSolution
		Debug|Any CPU = Debug|Any CPU
		Debug|x64 = Debug|x64
		Debug|x86 = Debug|x86
		Release|Any CPU = Release|Any CPU
		Release|x64 = Release|x64
		Release|x86 = Release|x86
	EndGlobalSection
	GlobalSection(ProjectConfigurationPlatforms) = postSolution
		{31EC4CC1-33A8-4EB5-BCFA-ED103A30DABD}.Debug|Any CPU.ActiveCfg = Debug|Any CPU
		{31EC4CC1-33A8-4EB5-BCFA-ED103A30DABD}.Debug|Any CPU.Build.0 = Debug|Any CPU
		{31EC4CC1-33A8-4EB5-BCFA-ED103A30DABD}.Debug|x64.ActiveCfg = Debug|Any CPU
		{31EC4CC1-33A8-4EB5-BCFA-ED103A30DABD}.Debug|x64.Build.0 = Debug|Any CPU
		{31EC4CC1-33A8-4EB5-BCFA-ED103A30DABD}.Debug|x86.ActiveCfg = Debug|Any CPU
		{31EC4CC1-33A8-4EB5-BCFA-ED103A30DABD}.Debug|x86.Build.0 = Debug|Any CPU
		{31EC4CC1-33A8-4EB5-BCFA-ED103A30DABD}.Release|Any CPU.ActiveCfg = Release|Any CPU
		{31EC4CC1-33A8-4EB5-BCFA-ED103A30DABD}.Release|Any CPU.Build.0 = Release|Any CPU
		{31EC4CC1-33A8-4EB5-BCFA-ED103A30DABD}.Release|x64.ActiveCfg = Release|Any CPU
		{31EC4CC1-33A8-4EB5-BCFA-ED103A30DABD}.Release|x64.Build.0 = Release|Any CPU
		{31EC4CC1-33A8-4EB5-BCFA-ED103A30DABD}.Release|x86.ActiveCfg = Release|Any CPU
		{31EC4CC1-33A8-4EB5-BCFA-ED103A30DABD}.Release|x86.Build.0 = Release|Any CPU
		{8A8F478D-D32D-4C00-A1A4-A356066BF229}.Debug|Any CPU.ActiveCfg = Debug|Any CPU
		{8A8F478D-D32D-4C00-A1A4-A356066BF229}.Debug|Any CPU.Build.0 = Debug|Any CPU
		{8A8F478D-D32D-4C00-A1A4-A356066BF229}.Debug|x64.ActiveCfg = Debug|Any CPU
		{8A8F478D-D32D-4C00-A1A4-A356066BF229}.Debug|x64.Build.0 = Debug|Any CPU
		{8A8F478D-D32D-4C00-A1A4-A356066BF229}.Debug|x86.ActiveCfg = Debug|Any CPU
		{8A8F478D-D32D-4C00-A1A4-A356066BF229}.Debug|x86.Build.0 = Debug|Any CPU
		{8A8F478D-D32D-4C00-A1A4-A356066BF229}.Release|Any CPU.ActiveCfg = Release|Any CPU
		{8A8F478D-D32D-4C00-A1A4-A356066BF229}.Release|Any CPU.Build.0 = Release|Any CPU
		{8A8F478D-D32D-4C00-A1A4-A356066BF229}.Release|x64.ActiveCfg = Release|Any CPU
		{8A8F478D-D32D-4C00-A1A4-A356066BF229}.Release|x64.Build.0 = Release|Any CPU
		{8A8F478D-D32D-4C00-A1A4-A356066BF229}.Release|x86.ActiveCfg = Release|Any CPU
		{8A8F478D-D32D-4C00-A1A4-A356066BF229}.Release|x86.Build.0 = Release|Any CPU
		{054246FA-4F33-4FB8-9B97-46052DF16917}.Debug|Any CPU.ActiveCfg = Debug|Any CPU
		{054246FA-4F33-4FB8-9B97-46052DF16917}.Debug|Any CPU.Build.0 = Debug|Any CPU
		{054246FA-4F33-4FB8-9B97-46052DF16917}.Debug|x64.ActiveCfg = Debug|Any CPU
		{054246FA-4F33-4FB8-9B97-46052DF16917}.Debug|x64.Build.0 = Debug|Any CPU
		{054246FA-4F33-4FB8-9B97-46052DF16917}.Debug|x86.ActiveCfg = Debug|Any CPU
		{054246FA-4F33-4FB8-9B97-46052DF16917}.Debug|x86.Build.0 = Debug|Any CPU
		{054246FA-4F33-4FB8-9B97-46052DF16917}.Release|Any CPU.ActiveCfg = Release|Any CPU
		{054246FA-4F33-4FB8-9B97-46052DF16917}.Release|Any CPU.Build.0 = Release|Any CPU
		{054246FA-4F33-4FB8-9B97-46052DF16917}.Release|x64.ActiveCfg = Release|Any CPU
		{054246FA-4F33-4FB8-9B97-46052DF16917}.Release|x64.Build.0 = Release|Any CPU
		{054246FA-4F33-4FB8-9B97-46052DF16917}.Release|x86.ActiveCfg = Release|Any CPU
		{054246FA-4F33-4FB8-9B97-46052DF16917}.Release|x86.Build.0 = Release|Any CPU
	EndGlobalSection
	GlobalSection(SolutionProperties) = preSolution
		HideSolutionNode = FALSE
	EndGlobalSection
	GlobalSection(NestedProjects) = preSolution
		{31EC4CC1-33A8-4EB5-BCFA-ED103A30DABD} = {827E0CD3-B72D-47B6-A68D-7590B98EB39B}
		{8A8F478D-D32D-4C00-A1A4-A356066BF229} = {5D20AA90-6969-D8BD-9DCD-8634F4692FDA}
		{054246FA-4F33-4FB8-9B97-46052DF16917} = {5D20AA90-6969-D8BD-9DCD-8634F4692FDA}
	EndGlobalSection
EndGlobal
